# This is a Gradle generated file for dependency locking.
# Manual edits can break the build and are not advised.
# This file is expected to be part of source control.
androidx.databinding:databinding-common:3.3.0-beta01
androidx.databinding:databinding-compiler-common:3.3.0-beta01
com.android.databinding:baseLibrary:3.3.0-beta01
com.android.tools.analytics-library:crash:26.3.0-beta01
com.android.tools.analytics-library:protos:26.3.0-beta01
com.android.tools.analytics-library:shared:26.3.0-beta01
com.android.tools.analytics-library:tracker:26.3.0-beta01
com.android.tools.build.jetifier:jetifier-core:1.0.0-alpha10
com.android.tools.build.jetifier:jetifier-processor:1.0.0-alpha10
com.android.tools.build:aapt2-proto:0.3.1
com.android.tools.build:apksig:3.3.0-beta01
com.android.tools.build:apkzlib:3.3.0-beta01
com.android.tools.build:builder-model:3.3.0-beta01
com.android.tools.build:builder-test-api:3.3.0-beta01
com.android.tools.build:builder:3.3.0-beta01
com.android.tools.build:bundletool:0.6.0
com.android.tools.build:gradle-api:3.3.0-beta01
com.android.tools.build:gradle:3.3.0-beta01
com.android.tools.build:manifest-merger:26.3.0-beta01
com.android.tools.build:transform-api:2.0.0-deprecated-use-gradle-api
com.android.tools.ddms:ddmlib:26.3.0-beta01
com.android.tools.layoutlib:layoutlib-api:26.3.0-beta01
com.android.tools.lint:lint-gradle-api:26.3.0-beta01
com.android.tools:annotations:26.3.0-beta01
com.android.tools:common:26.3.0-beta01
com.android.tools:dvlib:26.3.0-beta01
com.android.tools:repository:26.3.0-beta01
com.android.tools:sdk-common:26.3.0-beta01
com.android.tools:sdklib:26.3.0-beta01
com.google.android.gms:strict-version-matcher-plugin:1.0.3
com.google.auto.value:auto-value:1.5.2
com.google.code.findbugs:jsr305:3.0.2
com.google.code.gson:gson:2.8.0
com.google.errorprone:error_prone_annotations:2.2.0
com.google.gms:google-services:4.0.2
com.google.guava:guava:26.0-jre
com.google.j2objc:j2objc-annotations:1.1
com.google.jimfs:jimfs:1.1
com.google.protobuf:protobuf-java-util:3.4.0
com.google.protobuf:protobuf-java:3.4.0
com.googlecode.json-simple:json-simple:1.1
com.googlecode.juniversalchardet:juniversalchardet:1.0.3
com.squareup:javapoet:1.8.0
com.squareup:javawriter:2.5.0
com.sun.activation:javax.activation:1.2.0
com.sun.istack:istack-commons-runtime:2.21
com.sun.xml.fastinfoset:FastInfoset:1.2.13
commons-codec:commons-codec:1.9
commons-io:commons-io:2.4
commons-logging:commons-logging:1.2
it.unimi.dsi:fastutil:7.2.0
javax.inject:javax.inject:1
javax.xml.bind:jaxb-api:2.2.12-b140109.1041
net.sf.jopt-simple:jopt-simple:4.9
net.sf.kxml:kxml2:2.3.0
net.sf.proguard:proguard-base:6.0.3
net.sf.proguard:proguard-gradle:6.0.3
org.antlr:antlr4:4.5.3
org.apache.commons:commons-compress:1.12
org.apache.httpcomponents:httpclient:4.5.2
org.apache.httpcomponents:httpcore:4.4.5
org.apache.httpcomponents:httpmime:4.5.2
org.bouncycastle:bcpkix-jdk15on:1.56
org.bouncycastle:bcprov-jdk15on:1.56
org.checkerframework:checker-qual:2.5.2
org.codehaus.mojo:animal-sniffer-annotations:1.14
org.glassfish.jaxb:jaxb-core:2.2.11
org.glassfish.jaxb:jaxb-runtime:2.2.11
org.glassfish.jaxb:txw2:2.2.11
org.jdom:jdom2:2.0.6
org.jetbrains.kotlin:kotlin-reflect:1.2.71
org.jetbrains.kotlin:kotlin-stdlib-common:1.2.71
org.jetbrains.kotlin:kotlin-stdlib-jdk7:1.2.71
org.jetbrains.kotlin:kotlin-stdlib-jdk8:1.2.71
org.jetbrains.kotlin:kotlin-stdlib:1.2.71
org.jetbrains:annotations:13.0
org.jvnet.staxex:stax-ex:1.7.7
org.ow2.asm:asm-analysis:6.0
org.ow2.asm:asm-commons:6.0
org.ow2.asm:asm-tree:6.0
org.ow2.asm:asm-util:6.0
org.ow2.asm:asm:6.0
